
Microsoft Visual Studio Solution File, Format Version 12.00
# Visual Studio Version 16
VisualStudioVersion = 16.0.30804.86
MinimumVisualStudioVersion = 10.0.40219.1
Project("{9A19103F-16F7-4668-BE54-9A1E7A4F7556}") = "Amin_Database_Project_AssetTracking_Solution", "Amin_Database_Project_AssetTracking_Solution.csproj", "{ACC1EDD4-E3D0-4C37-BF96-601DBC0D210F}"
EndProject
Global
	GlobalSection(SolutionConfigurationPlatforms) = preSolution
		Debug|Any CPU = Debug|Any CPU
		Release|Any CPU = Release|Any CPU
	EndGlobalSection
	GlobalSection(ProjectConfigurationPlatforms) = postSolution
		{ACC1EDD4-E3D0-4C37-BF96-601DBC0D210F}.Debug|Any CPU.ActiveCfg = Debug|Any CPU
		{ACC1EDD4-E3D0-4C37-BF96-601DBC0D210F}.Debug|Any CPU.Build.0 = Debug|Any CPU
		{ACC1EDD4-E3D0-4C37-BF96-601DBC0D210F}.Release|Any CPU.ActiveCfg = Release|Any CPU
		{ACC1EDD4-E3D0-4C37-BF96-601DBC0D210F}.Release|Any CPU.Build.0 = Release|Any CPU
	EndGlobalSection
	GlobalSection(SolutionProperties) = preSolution
		HideSolutionNode = FALSE
	EndGlobalSection
	GlobalSection(ExtensibilityGlobals) = postSolution
		SolutionGuid = {27867613-83E8-4CCF-95BE-8BCB61A1EE65}
	EndGlobalSection
EndGlobal
